
Microsoft Visual Studio Solution File, Format Version 12.00
# Visual Studio Version 17
VisualStudioVersion = 17.0.31512.422
MinimumVisualStudioVersion = 10.0.40219.1
Project("{8BC9CEB8-8B4A-11D0-8D11-00A0C91BC942}") = "Concatenate two strings using + operator verloading", "Concatenate two strings using + operator verloading\Concatenate two strings using + operator verloading.vcxproj", "{A4C8A40B-69CF-4CEC-A082-8CB7C6FBAEAD}"
EndProject
Global
	GlobalSection(SolutionConfigurationPlatforms) = preSolution
		Debug|x64 = Debug|x64
		Debug|x86 = Debug|x86
		Release|x64 = Release|x64
		Release|x86 = Release|x86
	EndGlobalSection
	GlobalSection(ProjectConfigurationPlatforms) = postSolution
		{A4C8A40B-69CF-4CEC-A082-8CB7C6FBAEAD}.Debug|x64.ActiveCfg = Debug|x64
		{A4C8A40B-69CF-4CEC-A082-8CB7C6FBAEAD}.Debug|x64.Build.0 = Debug|x64
		{A4C8A40B-69CF-4CEC-A082-8CB7C6FBAEAD}.Debug|x86.ActiveCfg = Debug|Win32
		{A4C8A40B-69CF-4CEC-A082-8CB7C6FBAEAD}.Debug|x86.Build.0 = Debug|Win32
		{A4C8A40B-69CF-4CEC-A082-8CB7C6FBAEAD}.Release|x64.ActiveCfg = Release|x64
		{A4C8A40B-69CF-4CEC-A082-8CB7C6FBAEAD}.Release|x64.Build.0 = Release|x64
		{A4C8A40B-69CF-4CEC-A082-8CB7C6FBAEAD}.Release|x86.ActiveCfg = Release|Win32
		{A4C8A40B-69CF-4CEC-A082-8CB7C6FBAEAD}.Release|x86.Build.0 = Release|Win32
	EndGlobalSection
	GlobalSection(SolutionProperties) = preSolution
		HideSolutionNode = FALSE
	EndGlobalSection
	GlobalSection(ExtensibilityGlobals) = postSolution
		SolutionGuid = {EF051FB0-2A36-47C0-9283-0AE88FE9272A}
	EndGlobalSection
EndGlobal
